// !$*UTF8*$!
{
	archiveVersion = 1;
	classes = {
	};
	objectVersion = 77;
	objects = {

/* Begin PBXBuildFile section */
		8B055ACD2EBB312700E58C1F /* FirebaseAuth in Frameworks */ = {isa = PBXBuildFile; productRef = 8B055ACC2EBB312700E58C1F /* FirebaseAuth */; };
		8B055ACF2EBB312700E58C1F /* FirebaseCore in Frameworks */ = {isa = PBXBuildFile; productRef = 8B055ACE2EBB312700E58C1F /* FirebaseCore */; };
		8B055AD12EBB312700E58C1F /* FirebaseFirestore in Frameworks */ = {isa = PBXBuildFile; productRef = 8B055AD02EBB312700E58C1F /* FirebaseFirestore */; };
		8B055AD32EBB312700E58C1F /* FirebaseFunctions in Frameworks */ = {isa = PBXBuildFile; productRef = 8B055AD22EBB312700E58C1F /* FirebaseFunctions */; };
		8B055AD52EBB312700E58C1F /* FirebaseStorage in Frameworks */ = {isa = PBXBuildFile; productRef = 8B055AD42EBB312700E58C1F /* FirebaseStorage */; };
		8B055AD82EBB316000E58C1F /* GoogleSignIn in Frameworks */ = {isa = PBXBuildFile; productRef = 8B055AD72EBB316000E58C1F /* GoogleSignIn */; };
		8B055ADA2EBB316000E58C1F /* GoogleSignInSwift in Frameworks */ = {isa = PBXBuildFile; productRef = 8B055AD92EBB316000E58C1F /* GoogleSignInSwift */; };
/* End PBXBuildFile section */

/* Begin PBXContainerItemProxy section */
		5CA3A1AB2EA8A5CE00D8763F /* PBXContainerItemProxy */ = {
			isa = PBXContainerItemProxy;
			containerPortal = 5CA3A1952EA8A5C600D8763F /* Project object */;
			proxyType = 1;
			remoteGlobalIDString = 5CA3A19C2EA8A5C600D8763F;
			remoteInfo = eGym;
		};
		5CA3A1B52EA8A5CE00D8763F /* PBXContainerItemProxy */ = {
			isa = PBXContainerItemProxy;
			containerPortal = 5CA3A1952EA8A5C600D8763F /* Project object */;
			proxyType = 1;
			remoteGlobalIDString = 5CA3A19C2EA8A5C600D8763F;
			remoteInfo = eGym;
		};
/* End PBXContainerItemProxy section */

/* Begin PBXFileReference section */
		5CA3A19D2EA8A5C600D8763F /* eGym.app */ = {isa = PBXFileReference; explicitFileType = wrapper.application; includeInIndex = 0; path = eGym.app; sourceTree = BUILT_PRODUCTS_DIR; };
		5CA3A1AA2EA8A5CE00D8763F /* eGymTests.xctest */ = {isa = PBXFileReference; explicitFileType = wrapper.cfbundle; includeInIndex = 0; path = eGymTests.xctest; sourceTree = BUILT_PRODUCTS_DIR; };
		5CA3A1B42EA8A5CE00D8763F /* eGymUITests.xctest */ = {isa = PBXFileReference; explicitFileType = wrapper.cfbundle; includeInIndex = 0; path = eGymUITests.xctest; sourceTree = BUILT_PRODUCTS_DIR; };
/* End PBXFileReference section */

/* Begin PBXFileSystemSynchronizedBuildFileExceptionSet section */
		5C544DE02EA8E164005892B2 /* Exceptions for "eGym" folder in "eGym" target */ = {
			isa = PBXFileSystemSynchronizedBuildFileExceptionSet;
			membershipExceptions = (
				Info.plist,
			);
			target = 5CA3A19C2EA8A5C600D8763F /* eGym */;
		};
/* End PBXFileSystemSynchronizedBuildFileExceptionSet section */

/* Begin PBXFileSystemSynchronizedRootGroup section */
		5CA3A19F2EA8A5C600D8763F /* eGym */ = {
			isa = PBXFileSystemSynchronizedRootGroup;
			exceptions = (
				5C544DE02EA8E164005892B2 /* Exceptions for "eGym" folder in "eGym" target */,
			);
			path = eGym;
			sourceTree = "<group>";
		};
		5CA3A1AD2EA8A5CE00D8763F /* eGymTests */ = {
			isa = PBXFileSystemSynchronizedRootGroup;
			path = eGymTests;
			sourceTree = "<group>";
		};
		5CA3A1B72EA8A5CE00D8763F /* eGymUITests */ = {
			isa = PBXFileSystemSynchronizedRootGroup;
			path = eGymUITests;
			sourceTree = "<group>";
		};
/* End PBXFileSystemSynchronizedRootGroup section */

/* Begin PBXFrameworksBuildPhase section */
		5CA3A19A2EA8A5C600D8763F /* Frameworks */ = {
			isa = PBXFrameworksBuildPhase;
			buildActionMask = 2147483647;
			files = (
				8B055ACF2EBB312700E58C1F /* FirebaseCore in Frameworks */,
				8B055ACD2EBB312700E58C1F /* FirebaseAuth in Frameworks */,
				8B055ADA2EBB316000E58C1F /* GoogleSignInSwift in Frameworks */,
				8B055AD12EBB312700E58C1F /* FirebaseFirestore in Frameworks */,
				8B055AD52EBB312700E58C1F /* FirebaseStorage in Frameworks */,
				8B055AD32EBB312700E58C1F /* FirebaseFunctions in Frameworks */,
				8B055AD82EBB316000E58C1F /* GoogleSignIn in Frameworks */,
			);
			runOnlyForDeploymentPostprocessing = 0;
		};
		5CA3A1A72EA8A5CE00D8763F /* Frameworks */ = {
			isa = PBXFrameworksBuildPhase;
			buildActionMask = 2147483647;
			files = (
			);
			runOnlyForDeploymentPostprocessing = 0;
		};
		5CA3A1B12EA8A5CE00D8763F /* Frameworks */ = {
			isa = PBXFrameworksBuildPhase;
			buildActionMask = 2147483647;
			files = (
			);
			runOnlyForDeploymentPostprocessing = 0;
		};
/* End PBXFrameworksBuildPhase section */

/* Begin PBXGroup section */
		5C544DBF2EA8D316005892B2 /* Frameworks */ = {
			isa = PBXGroup;
			children = (
			);
			name = Frameworks;
			sourceTree = "<group>";
		};
		5CA3A1942EA8A5C600D8763F = {
			isa = PBXGroup;
			children = (
				5CA3A19F2EA8A5C600D8763F /* eGym */,
				5CA3A1AD2EA8A5CE00D8763F /* eGymTests */,
				5CA3A1B72EA8A5CE00D8763F /* eGymUITests */,
				5C544DBF2EA8D316005892B2 /* Frameworks */,
				5CA3A19E2EA8A5C600D8763F /* Products */,
			);
			sourceTree = "<group>";
		};
		5CA3A19E2EA8A5C600D8763F /* Products */ = {
			isa = PBXGroup;
			children = (
				5CA3A19D2EA8A5C600D8763F /* eGym.app */,
				5CA3A1AA2EA8A5CE00D8763F /* eGymTests.xctest */,
				5CA3A1B42EA8A5CE00D8763F /* eGymUITests.xctest */,
			);
			name = Products;
			sourceTree = "<group>";
		};
/* End PBXGroup section */

/* Begin PBXNativeTarget section */
		5CA3A19C2EA8A5C600D8763F /* eGym */ = {
			isa = PBXNativeTarget;
			buildConfigurationList = 5CA3A1BE2EA8A5CE00D8763F /* Build configuration list for PBXNativeTarget "eGym" */;
			buildPhases = (
				5CA3A1992EA8A5C600D8763F /* Sources */,
				5CA3A19A2EA8A5C600D8763F /* Frameworks */,
				5CA3A19B2EA8A5C600D8763F /* Resources */,
			);
			buildRules = (
			);
			dependencies = (
			);
			fileSystemSynchronizedGroups = (
				5CA3A19F2EA8A5C600D8763F /* eGym */,
			);
			name = eGym;
			packageProductDependencies = (
				8B055ACC2EBB312700E58C1F /* FirebaseAuth */,
				8B055ACE2EBB312700E58C1F /* FirebaseCore */,
				8B055AD02EBB312700E58C1F /* FirebaseFirestore */,
				8B055AD22EBB312700E58C1F /* FirebaseFunctions */,
				8B055AD42EBB312700E58C1F /* FirebaseStorage */,
				8B055AD72EBB316000E58C1F /* GoogleSignIn */,
				8B055AD92EBB316000E58C1F /* GoogleSignInSwift */,
			);
			productName = eGym;
			productReference = 5CA3A19D2EA8A5C600D8763F /* eGym.app */;
			productType = "com.apple.product-type.application";
		};
		5CA3A1A92EA8A5CE00D8763F /* eGymTests */ = {
			isa = PBXNativeTarget;
			buildConfigurationList = 5CA3A1C12EA8A5CE00D8763F /* Build configuration list for PBXNativeTarget "eGymTests" */;
			buildPhases = (
				5CA3A1A62EA8A5CE00D8763F /* Sources */,
				5CA3A1A72EA8A5CE00D8763F /* Frameworks */,
				5CA3A1A82EA8A5CE00D8763F /* Resources */,
			);
			buildRules = (
			);
			dependencies = (
				5CA3A1AC2EA8A5CE00D8763F /* PBXTargetDependency */,
			);
			fileSystemSynchronizedGroups = (
				5CA3A1AD2EA8A5CE00D8763F /* eGymTests */,
			);
			name = eGymTests;
			packageProductDependencies = (
			);
			productName = eGymTests;
			productReference = 5CA3A1AA2EA8A5CE00D8763F /* eGymTests.xctest */;
			productType = "com.apple.product-type.bundle.unit-test";
		};
		5CA3A1B32EA8A5CE00D8763F /* eGymUITests */ = {
			isa = PBXNativeTarget;
			buildConfigurationList = 5CA3A1C42EA8A5CE00D8763F /* Build configuration list for PBXNativeTarget "eGymUITests" */;
			buildPhases = (
				5CA3A1B02EA8A5CE00D8763F /* Sources */,
				5CA3A1B12EA8A5CE00D8763F /* Frameworks */,
				5CA3A1B22EA8A5CE00D8763F /* Resources */,
			);
			buildRules = (
			);
			dependencies = (
				5CA3A1B62EA8A5CE00D8763F /* PBXTargetDependency */,
			);
			fileSystemSynchronizedGroups = (
				5CA3A1B72EA8A5CE00D8763F /* eGymUITests */,
			);
			name = eGymUITests;
			packageProductDependencies = (
			);
			productName = eGymUITests;
			productReference = 5CA3A1B42EA8A5CE00D8763F /* eGymUITests.xctest */;
			productType = "com.apple.product-type.bundle.ui-testing";
		};
/* End PBXNativeTarget section */

/* Begin PBXProject section */
		5CA3A1952EA8A5C600D8763F /* Project object */ = {
			isa = PBXProject;
			attributes = {
				BuildIndependentTargetsInParallel = 1;
				LastSwiftUpdateCheck = 1640;
				LastUpgradeCheck = 1640;
				TargetAttributes = {
					5CA3A19C2EA8A5C600D8763F = {
						CreatedOnToolsVersion = 16.4;
					};
					5CA3A1A92EA8A5CE00D8763F = {
						CreatedOnToolsVersion = 16.4;
						TestTargetID = 5CA3A19C2EA8A5C600D8763F;
					};
					5CA3A1B32EA8A5CE00D8763F = {
						CreatedOnToolsVersion = 16.4;
						TestTargetID = 5CA3A19C2EA8A5C600D8763F;
					};
				};
			};
			buildConfigurationList = 5CA3A1982EA8A5C600D8763F /* Build configuration list for PBXProject "eGym" */;
			developmentRegion = en;
			hasScannedForEncodings = 0;
			knownRegions = (
				en,
				Base,
			);
			mainGroup = 5CA3A1942EA8A5C600D8763F;
			minimizedProjectReferenceProxies = 1;
			packageReferences = (
				8B055ACB2EBB312700E58C1F /* XCRemoteSwiftPackageReference "firebase-ios-sdk" */,
				8B055AD62EBB316000E58C1F /* XCRemoteSwiftPackageReference "GoogleSignIn-iOS" */,
			);
			preferredProjectObjectVersion = 77;
			productRefGroup = 5CA3A19E2EA8A5C600D8763F /* Products */;
			projectDirPath = "";
			projectRoot = "";
			targets = (
				5CA3A19C2EA8A5C600D8763F /* eGym */,
				5CA3A1A92EA8A5CE00D8763F /* eGymTests */,
				5CA3A1B32EA8A5CE00D8763F /* eGymUITests */,
			);
		};
/* End PBXProject section */

/* Begin PBXResourcesBuildPhase section */
		5CA3A19B2EA8A5C600D8763F /* Resources */ = {
			isa = PBXResourcesBuildPhase;
			buildActionMask = 2147483647;
			files = (
			);
			runOnlyForDeploymentPostprocessing = 0;
		};
		5CA3A1A82EA8A5CE00D8763F /* Resources */ = {
			isa = PBXResourcesBuildPhase;
			buildActionMask = 2147483647;
			files = (
			);
			runOnlyForDeploymentPostprocessing = 0;
		};
		5CA3A1B22EA8A5CE00D8763F /* Resources */ = {
			isa = PBXResourcesBuildPhase;
			buildActionMask = 2147483647;
			files = (
			);
			runOnlyForDeploymentPostprocessing = 0;
		};
/* End PBXResourcesBuildPhase section */

/* Begin PBXSourcesBuildPhase section */
		5CA3A1992EA8A5C600D8763F /* Sources */ = {
			isa = PBXSourcesBuildPhase;
			buildActionMask = 2147483647;
			files = (
			);
			runOnlyForDeploymentPostprocessing = 0;
		};
		5CA3A1A62EA8A5CE00D8763F /* Sources */ = {
			isa = PBXSourcesBuildPhase;
			buildActionMask = 2147483647;
			files = (
			);
			runOnlyForDeploymentPostprocessing = 0;
		};
		5CA3A1B02EA8A5CE00D8763F /* Sources */ = {
			isa = PBXSourcesBuildPhase;
			buildActionMask = 2147483647;
			files = (
			);
			runOnlyForDeploymentPostprocessing = 0;
		};
/* End PBXSourcesBuildPhase section */

/* Begin PBXTargetDependency section */
		5CA3A1AC2EA8A5CE00D8763F /* PBXTargetDependency */ = {
			isa = PBXTargetDependency;
			target = 5CA3A19C2EA8A5C600D8763F /* eGym */;
			targetProxy = 5CA3A1AB2EA8A5CE00D8763F /* PBXContainerItemProxy */;
		};
		5CA3A1B62EA8A5CE00D8763F /* PBXTargetDependency */ = {
			isa = PBXTargetDependency;
			target = 5CA3A19C2EA8A5C600D8763F /* eGym */;
			targetProxy = 5CA3A1B52EA8A5CE00D8763F /* PBXContainerItemProxy */;
		};
/* End PBXTargetDependency section */

/* Begin XCBuildConfiguration section */
		5CA3A1BC2EA8A5CE00D8763F /* Debug */ = {
			isa = XCBuildConfiguration;
			buildSettings = {
				ALWAYS_SEARCH_USER_PATHS = NO;
				ASSETCATALOG_COMPILER_GENERATE_SWIFT_ASSET_SYMBOL_EXTENSIONS = YES;
				CLANG_ANALYZER_NONNULL = YES;
				CLANG_ANALYZER_NUMBER_OBJECT_CONVERSION = YES_AGGRESSIVE;
				CLANG_CXX_LANGUAGE_STANDARD = "gnu++20";
				CLANG_ENABLE_MODULES = YES;
				CLANG_ENABLE_OBJC_ARC = YES;
				CLANG_ENABLE_OBJC_WEAK = YES;
				CLANG_WARN_BLOCK_CAPTURE_AUTORELEASING = YES;
				CLANG_WARN_BOOL_CONVERSION = YES;
				CLANG_WARN_COMMA = YES;
				CLANG_WARN_CONSTANT_CONVERSION = YES;
				CLANG_WARN_DEPRECATED_OBJC_IMPLEMENTATIONS = YES;
				CLANG_WARN_DIRECT_OBJC_ISA_USAGE = YES_ERROR;
				CLANG_WARN_DOCUMENTATION_COMMENTS = YES;
				CLANG_WARN_EMPTY_BODY = YES;
				CLANG_WARN_ENUM_CONVERSION = YES;
				CLANG_WARN_INFINITE_RECURSION = YES;
				CLANG_WARN_INT_CONVERSION = YES;
				CLANG_WARN_NON_LITERAL_NULL_CONVERSION = YES;
				CLANG_WARN_OBJC_IMPLICIT_RETAIN_SELF = YES;
				CLANG_WARN_OBJC_LITERAL_CONVERSION = YES;
				CLANG_WARN_OBJC_ROOT_CLASS = YES_ERROR;
				CLANG_WARN_QUOTED_INCLUDE_IN_FRAMEWORK_HEADER = YES;
				CLANG_WARN_RANGE_LOOP_ANALYSIS = YES;
				CLANG_WARN_STRICT_PROTOTYPES = YES;
				CLANG_WARN_SUSPICIOUS_MOVE = YES;
				CLANG_WARN_UNGUARDED_AVAILABILITY = YES_AGGRESSIVE;
				CLANG_WARN_UNREACHABLE_CODE = YES;
				CLANG_WARN__DUPLICATE_METHOD_MATCH = YES;
				COPY_PHASE_STRIP = NO;
				DEBUG_INFORMATION_FORMAT = dwarf;
				ENABLE_STRICT_OBJC_MSGSEND = YES;
				ENABLE_TESTABILITY = YES;
				ENABLE_USER_SCRIPT_SANDBOXING = YES;
				GCC_C_LANGUAGE_STANDARD = gnu17;
				GCC_DYNAMIC_NO_PIC = NO;
				GCC_NO_COMMON_BLOCKS = YES;
				GCC_OPTIMIZATION_LEVEL = 0;
				GCC_PREPROCESSOR_DEFINITIONS = (
					"DEBUG=1",
					"$(inherited)",
				);
				GCC_WARN_64_TO_32_BIT_CONVERSION = YES;
				GCC_WARN_ABOUT_RETURN_TYPE = YES_ERROR;
				GCC_WARN_UNDECLARED_SELECTOR = YES;
				GCC_WARN_UNINITIALIZED_AUTOS = YES_AGGRESSIVE;
				GCC_WARN_UNUSED_FUNCTION = YES;
				GCC_WARN_UNUSED_VARIABLE = YES;
				IPHONEOS_DEPLOYMENT_TARGET = 18.0;
				LOCALIZATION_PREFERS_STRING_CATALOGS = YES;
				MTL_ENABLE_DEBUG_INFO = INCLUDE_SOURCE;
				MTL_FAST_MATH = YES;
				ONLY_ACTIVE_ARCH = YES;
				SDKROOT = iphoneos;
				SWIFT_ACTIVE_COMPILATION_CONDITIONS = "DEBUG $(inherited)";
				SWIFT_OPTIMIZATION_LEVEL = "-Onone";
			};
			name = Debug;
		};
		5CA3A1BD2EA8A5CE00D8763F /* Release */ = {
			isa = XCBuildConfiguration;
			buildSettings = {
				ALWAYS_SEARCH_USER_PATHS = NO;
				ASSETCATALOG_COMPILER_GENERATE_SWIFT_ASSET_SYMBOL_EXTENSIONS = YES;
				CLANG_ANALYZER_NONNULL = YES;
				CLANG_ANALYZER_NUMBER_OBJECT_CONVERSION = YES_AGGRESSIVE;
				CLANG_CXX_LANGUAGE_STANDARD = "gnu++20";
				CLANG_ENABLE_MODULES = YES;
				CLANG_ENABLE_OBJC_ARC = YES;
				CLANG_ENABLE_OBJC_WEAK = YES;
				CLANG_WARN_BLOCK_CAPTURE_AUTORELEASING = YES;
				CLANG_WARN_BOOL_CONVERSION = YES;
				CLANG_WARN_COMMA = YES;
				CLANG_WARN_CONSTANT_CONVERSION = YES;
				CLANG_WARN_DEPRECATED_OBJC_IMPLEMENTATIONS = YES;
				CLANG_WARN_DIRECT_OBJC_ISA_USAGE = YES_ERROR;
				CLANG_WARN_DOCUMENTATION_COMMENTS = YES;
				CLANG_WARN_EMPTY_BODY = YES;
				CLANG_WARN_ENUM_CONVERSION = YES;
				CLANG_WARN_INFINITE_RECURSION = YES;
				CLANG_WARN_INT_CONVERSION = YES;
				CLANG_WARN_NON_LITERAL_NULL_CONVERSION = YES;
				CLANG_WARN_OBJC_IMPLICIT_RETAIN_SELF = YES;
				CLANG_WARN_OBJC_LITERAL_CONVERSION = YES;
				CLANG_WARN_OBJC_ROOT_CLASS = YES_ERROR;
				CLANG_WARN_QUOTED_INCLUDE_IN_FRAMEWORK_HEADER = YES;
				CLANG_WARN_RANGE_LOOP_ANALYSIS = YES;
				CLANG_WARN_STRICT_PROTOTYPES = YES;
				CLANG_WARN_SUSPICIOUS_MOVE = YES;
				CLANG_WARN_UNGUARDED_AVAILABILITY = YES_AGGRESSIVE;
				CLANG_WARN_UNREACHABLE_CODE = YES;
				CLANG_WARN__DUPLICATE_METHOD_MATCH = YES;
				COPY_PHASE_STRIP = NO;
				DEBUG_INFORMATION_FORMAT = "dwarf-with-dsym";
				ENABLE_NS_ASSERTIONS = NO;
				ENABLE_STRICT_OBJC_MSGSEND = YES;
				ENABLE_USER_SCRIPT_SANDBOXING = YES;
				GCC_C_LANGUAGE_STANDARD = gnu17;
				GCC_NO_COMMON_BLOCKS = YES;
				GCC_WARN_64_TO_32_BIT_CONVERSION = YES;
				GCC_WARN_ABOUT_RETURN_TYPE = YES_ERROR;
				GCC_WARN_UNDECLARED_SELECTOR = YES;
				GCC_WARN_UNINITIALIZED_AUTOS = YES_AGGRESSIVE;
				GCC_WARN_UNUSED_FUNCTION = YES;
				GCC_WARN_UNUSED_VARIABLE = YES;
				IPHONEOS_DEPLOYMENT_TARGET = 18.0;
				LOCALIZATION_PREFERS_STRING_CATALOGS = YES;
				MTL_ENABLE_DEBUG_INFO = NO;
				MTL_FAST_MATH = YES;
				SDKROOT = iphoneos;
				SWIFT_COMPILATION_MODE = wholemodule;
				VALIDATE_PRODUCT = YES;
			};
			name = Release;
		};
		5CA3A1BF2EA8A5CE00D8763F /* Debug */ = {
			isa = XCBuildConfiguration;
			buildSettings = {
				ASSETCATALOG_COMPILER_APPICON_NAME = AppIcon;
				ASSETCATALOG_COMPILER_GLOBAL_ACCENT_COLOR_NAME = AccentColor;
				CODE_SIGN_STYLE = Automatic;
				CURRENT_PROJECT_VERSION = 1;
				DEVELOPMENT_TEAM = 9PTDS9K82T;
				ENABLE_PREVIEWS = YES;
				GENERATE_INFOPLIST_FILE = YES;
				INFOPLIST_FILE = eGym/Info.plist;
				INFOPLIST_KEY_UIApplicationSceneManifest_Generation = YES;
				INFOPLIST_KEY_UIApplicationSupportsIndirectInputEvents = YES;
				INFOPLIST_KEY_UILaunchScreen_Generation = YES;
				INFOPLIST_KEY_UISupportedInterfaceOrientations_iPad = "UIInterfaceOrientationPortrait UIInterfaceOrientationPortraitUpsideDown UIInterfaceOrientationLandscapeLeft UIInterfaceOrientationLandscapeRight";
				INFOPLIST_KEY_UISupportedInterfaceOrientations_iPhone = "UIInterfaceOrientationPortrait UIInterfaceOrientationLandscapeLeft UIInterfaceOrientationLandscapeRight";
				LD_RUNPATH_SEARCH_PATHS = (
					"$(inherited)",
					"@executable_path/Frameworks",
				);
				MARKETING_VERSION = 1.0;
				PRODUCT_BUNDLE_IDENTIFIER = com.egym.egym;
				PRODUCT_NAME = "$(TARGET_NAME)";
				SWIFT_EMIT_LOC_STRINGS = YES;
				SWIFT_VERSION = 5.0;
				TARGETED_DEVICE_FAMILY = "1,2";
			};
			name = Debug;
		};
		5CA3A1C02EA8A5CE00D8763F /* Release */ = {
			isa = XCBuildConfiguration;
			buildSettings = {
				ASSETCATALOG_COMPILER_APPICON_NAME = AppIcon;
				ASSETCATALOG_COMPILER_GLOBAL_ACCENT_COLOR_NAME = AccentColor;
				CODE_SIGN_STYLE = Automatic;
				CURRENT_PROJECT_VERSION = 1;
				DEVELOPMENT_TEAM = 9PTDS9K82T;
				ENABLE_PREVIEWS = YES;
				GENERATE_INFOPLIST_FILE = YES;
				INFOPLIST_FILE = eGym/Info.plist;
				INFOPLIST_KEY_UIApplicationSceneManifest_Generation = YES;
				INFOPLIST_KEY_UIApplicationSupportsIndirectInputEvents = YES;
				INFOPLIST_KEY_UILaunchScreen_Generation = YES;
				INFOPLIST_KEY_UISupportedInterfaceOrientations_iPad = "UIInterfaceOrientationPortrait UIInterfaceOrientationPortraitUpsideDown UIInterfaceOrientationLandscapeLeft UIInterfaceOrientationLandscapeRight";
				INFOPLIST_KEY_UISupportedInterfaceOrientations_iPhone = "UIInterfaceOrientationPortrait UIInterfaceOrientationLandscapeLeft UIInterfaceOrientationLandscapeRight";
				LD_RUNPATH_SEARCH_PATHS = (
					"$(inherited)",
					"@executable_path/Frameworks",
				);
				MARKETING_VERSION = 1.0;
				PRODUCT_BUNDLE_IDENTIFIER = com.egym.egym;
				PRODUCT_NAME = "$(TARGET_NAME)";
				SWIFT_EMIT_LOC_STRINGS = YES;
				SWIFT_VERSION = 5.0;
				TARGETED_DEVICE_FAMILY = "1,2";
			};
			name = Release;
		};
		5CA3A1C22EA8A5CE00D8763F /* Debug */ = {
			isa = XCBuildConfiguration;
			buildSettings = {
				BUNDLE_LOADER = "$(TEST_HOST)";
				CODE_SIGN_STYLE = Automatic;
				CURRENT_PROJECT_VERSION = 1;
				GENERATE_INFOPLIST_FILE = YES;
				IPHONEOS_DEPLOYMENT_TARGET = 18.5;
				MARKETING_VERSION = 1.0;
				PRODUCT_BUNDLE_IDENTIFIER = com.egym.eGymTests;
				PRODUCT_NAME = "$(TARGET_NAME)";
				SWIFT_EMIT_LOC_STRINGS = NO;
				SWIFT_VERSION = 5.0;
				TARGETED_DEVICE_FAMILY = "1,2";
				TEST_HOST = "$(BUILT_PRODUCTS_DIR)/eGym.app/$(BUNDLE_EXECUTABLE_FOLDER_PATH)/eGym";
			};
			name = Debug;
		};
		5CA3A1C32EA8A5CE00D8763F /* Release */ = {
			isa = XCBuildConfiguration;
			buildSettings = {
				BUNDLE_LOADER = "$(TEST_HOST)";
				CODE_SIGN_STYLE = Automatic;
				CURRENT_PROJECT_VERSION = 1;
				GENERATE_INFOPLIST_FILE = YES;
				IPHONEOS_DEPLOYMENT_TARGET = 18.5;
				MARKETING_VERSION = 1.0;
				PRODUCT_BUNDLE_IDENTIFIER = com.egym.eGymTests;
				PRODUCT_NAME = "$(TARGET_NAME)";
				SWIFT_EMIT_LOC_STRINGS = NO;
				SWIFT_VERSION = 5.0;
				TARGETED_DEVICE_FAMILY = "1,2";
				TEST_HOST = "$(BUILT_PRODUCTS_DIR)/eGym.app/$(BUNDLE_EXECUTABLE_FOLDER_PATH)/eGym";
			};
			name = Release;
		};
		5CA3A1C52EA8A5CE00D8763F /* Debug */ = {
			isa = XCBuildConfiguration;
			buildSettings = {
				CODE_SIGN_STYLE = Automatic;
				CURRENT_PROJECT_VERSION = 1;
				GENERATE_INFOPLIST_FILE = YES;
				MARKETING_VERSION = 1.0;
				PRODUCT_BUNDLE_IDENTIFIER = com.egym.eGymUITests;
				PRODUCT_NAME = "$(TARGET_NAME)";
				SWIFT_EMIT_LOC_STRINGS = NO;
				SWIFT_VERSION = 5.0;
				TARGETED_DEVICE_FAMILY = "1,2";
				TEST_TARGET_NAME = eGym;
			};
			name = Debug;
		};
		5CA3A1C62EA8A5CE00D8763F /* Release */ = {
			isa = XCBuildConfiguration;
			buildSettings = {
				CODE_SIGN_STYLE = Automatic;
				CURRENT_PROJECT_VERSION = 1;
				GENERATE_INFOPLIST_FILE = YES;
				MARKETING_VERSION = 1.0;
				PRODUCT_BUNDLE_IDENTIFIER = com.egym.eGymUITests;
				PRODUCT_NAME = "$(TARGET_NAME)";
				SWIFT_EMIT_LOC_STRINGS = NO;
				SWIFT_VERSION = 5.0;
				TARGETED_DEVICE_FAMILY = "1,2";
				TEST_TARGET_NAME = eGym;
			};
			name = Release;
		};
/* End XCBuildConfiguration section */

/* Begin XCConfigurationList section */
		5CA3A1982EA8A5C600D8763F /* Build configuration list for PBXProject "eGym" */ = {
			isa = XCConfigurationList;
			buildConfigurations = (
				5CA3A1BC2EA8A5CE00D8763F /* Debug */,
				5CA3A1BD2EA8A5CE00D8763F /* Release */,
			);
			defaultConfigurationIsVisible = 0;
			defaultConfigurationName = Release;
		};
		5CA3A1BE2EA8A5CE00D8763F /* Build configuration list for PBXNativeTarget "eGym" */ = {
			isa = XCConfigurationList;
			buildConfigurations = (
				5CA3A1BF2EA8A5CE00D8763F /* Debug */,
				5CA3A1C02EA8A5CE00D8763F /* Release */,
			);
			defaultConfigurationIsVisible = 0;
			defaultConfigurationName = Release;
		};
		5CA3A1C12EA8A5CE00D8763F /* Build configuration list for PBXNativeTarget "eGymTests" */ = {
			isa = XCConfigurationList;
			buildConfigurations = (
				5CA3A1C22EA8A5CE00D8763F /* Debug */,
				5CA3A1C32EA8A5CE00D8763F /* Release */,
			);
			defaultConfigurationIsVisible = 0;
			defaultConfigurationName = Release;
		};
		5CA3A1C42EA8A5CE00D8763F /* Build configuration list for PBXNativeTarget "eGymUITests" */ = {
			isa = XCConfigurationList;
			buildConfigurations = (
				5CA3A1C52EA8A5CE00D8763F /* Debug */,
				5CA3A1C62EA8A5CE00D8763F /* Release */,
			);
			defaultConfigurationIsVisible = 0;
			defaultConfigurationName = Release;
		};
/* End XCConfigurationList section */

/* Begin XCRemoteSwiftPackageReference section */
		8B055ACB2EBB312700E58C1F /* XCRemoteSwiftPackageReference "firebase-ios-sdk" */ = {
			isa = XCRemoteSwiftPackageReference;
			repositoryURL = "https://github.com/firebase/firebase-ios-sdk";
			requirement = {
				kind = upToNextMajorVersion;
				minimumVersion = 12.5.0;
			};
		};
		8B055AD62EBB316000E58C1F /* XCRemoteSwiftPackageReference "GoogleSignIn-iOS" */ = {
			isa = XCRemoteSwiftPackageReference;
			repositoryURL = "https://github.com/google/GoogleSignIn-iOS";
			requirement = {
				kind = upToNextMajorVersion;
				minimumVersion = 9.0.0;
			};
		};
/* End XCRemoteSwiftPackageReference section */

/* Begin XCSwiftPackageProductDependency section */
		8B055ACC2EBB312700E58C1F /* FirebaseAuth */ = {
			isa = XCSwiftPackageProductDependency;
			package = 8B055ACB2EBB312700E58C1F /* XCRemoteSwiftPackageReference "firebase-ios-sdk" */;
			productName = FirebaseAuth;
		};
		8B055ACE2EBB312700E58C1F /* FirebaseCore */ = {
			isa = XCSwiftPackageProductDependency;
			package = 8B055ACB2EBB312700E58C1F /* XCRemoteSwiftPackageReference "firebase-ios-sdk" */;
			productName = FirebaseCore;
		};
		8B055AD02EBB312700E58C1F /* FirebaseFirestore */ = {
			isa = XCSwiftPackageProductDependency;
			package = 8B055ACB2EBB312700E58C1F /* XCRemoteSwiftPackageReference "firebase-ios-sdk" */;
			productName = FirebaseFirestore;
		};
		8B055AD22EBB312700E58C1F /* FirebaseFunctions */ = {
			isa = XCSwiftPackageProductDependency;
			package = 8B055ACB2EBB312700E58C1F /* XCRemoteSwiftPackageReference "firebase-ios-sdk" */;
			productName = FirebaseFunctions;
		};
		8B055AD42EBB312700E58C1F /* FirebaseStorage */ = {
			isa = XCSwiftPackageProductDependency;
			package = 8B055ACB2EBB312700E58C1F /* XCRemoteSwiftPackageReference "firebase-ios-sdk" */;
			productName = FirebaseStorage;
		};
		8B055AD72EBB316000E58C1F /* GoogleSignIn */ = {
			isa = XCSwiftPackageProductDependency;
			package = 8B055AD62EBB316000E58C1F /* XCRemoteSwiftPackageReference "GoogleSignIn-iOS" */;
			productName = GoogleSignIn;
		};
		8B055AD92EBB316000E58C1F /* GoogleSignInSwift */ = {
			isa = XCSwiftPackageProductDependency;
			package = 8B055AD62EBB316000E58C1F /* XCRemoteSwiftPackageReference "GoogleSignIn-iOS" */;
			productName = GoogleSignInSwift;
		};
/* End XCSwiftPackageProductDependency section */
	};
	rootObject = 5CA3A1952EA8A5C600D8763F /* Project object */;
}
